
Microsoft Visual Studio Solution File, Format Version 12.00
# Visual Studio 15
Project("{FAE04EC0-301F-11D3-BF4B-00C04F79EFBC}") = "Assembly-CSharp", "Assembly-CSharp.csproj", "{594E4E31-484D-3027-BFFE-5226C52D2CD8}"
EndProject
Project("{FAE04EC0-301F-11D3-BF4B-00C04F79EFBC}") = "Unity.Multiplayer.Samples.Utilities", "Unity.Multiplayer.Samples.Utilities.csproj", "{3BD2CF85-7BED-B504-79E4-AFF744F80525}"
EndProject
Project("{FAE04EC0-301F-11D3-BF4B-00C04F79EFBC}") = "Unity.Multiplayer.Samples.Utilities.RNSM", "Unity.Multiplayer.Samples.Utilities.RNSM.csproj", "{74DDF758-1983-3CBD-FEB4-9FC3740A5F67}"
EndProject
Project("{FAE04EC0-301F-11D3-BF4B-00C04F79EFBC}") = "Unity.Multiplayer.Samples.Utilities.ClientAuthority", "Unity.Multiplayer.Samples.Utilities.ClientAuthority.csproj", "{07BFF4AD-BA15-C04E-3EBC-CC08513F3B5D}"
EndProject
Global
	GlobalSection(SolutionConfigurationPlatforms) = preSolution
		Debug|Any CPU = Debug|Any CPU
		Release|Any CPU = Release|Any CPU
	EndGlobalSection
	GlobalSection(ProjectConfigurationPlatforms) = postSolution
		{594E4E31-484D-3027-BFFE-5226C52D2CD8}.Debug|Any CPU.ActiveCfg = Debug|Any CPU
		{594E4E31-484D-3027-BFFE-5226C52D2CD8}.Debug|Any CPU.Build.0 = Debug|Any CPU
		{594E4E31-484D-3027-BFFE-5226C52D2CD8}.Release|Any CPU.ActiveCfg = Release|Any CPU
		{594E4E31-484D-3027-BFFE-5226C52D2CD8}.Release|Any CPU.Build.0 = Release|Any CPU
		{3BD2CF85-7BED-B504-79E4-AFF744F80525}.Debug|Any CPU.ActiveCfg = Debug|Any CPU
		{3BD2CF85-7BED-B504-79E4-AFF744F80525}.Debug|Any CPU.Build.0 = Debug|Any CPU
		{3BD2CF85-7BED-B504-79E4-AFF744F80525}.Release|Any CPU.ActiveCfg = Release|Any CPU
		{3BD2CF85-7BED-B504-79E4-AFF744F80525}.Release|Any CPU.Build.0 = Release|Any CPU
		{74DDF758-1983-3CBD-FEB4-9FC3740A5F67}.Debug|Any CPU.ActiveCfg = Debug|Any CPU
		{74DDF758-1983-3CBD-FEB4-9FC3740A5F67}.Debug|Any CPU.Build.0 = Debug|Any CPU
		{74DDF758-1983-3CBD-FEB4-9FC3740A5F67}.Release|Any CPU.ActiveCfg = Release|Any CPU
		{74DDF758-1983-3CBD-FEB4-9FC3740A5F67}.Release|Any CPU.Build.0 = Release|Any CPU
		{07BFF4AD-BA15-C04E-3EBC-CC08513F3B5D}.Debug|Any CPU.ActiveCfg = Debug|Any CPU
		{07BFF4AD-BA15-C04E-3EBC-CC08513F3B5D}.Debug|Any CPU.Build.0 = Debug|Any CPU
		{07BFF4AD-BA15-C04E-3EBC-CC08513F3B5D}.Release|Any CPU.ActiveCfg = Release|Any CPU
		{07BFF4AD-BA15-C04E-3EBC-CC08513F3B5D}.Release|Any CPU.Build.0 = Release|Any CPU
	EndGlobalSection
	GlobalSection(SolutionProperties) = preSolution
		HideSolutionNode = FALSE
	EndGlobalSection
EndGlobal
